
Microsoft Visual Studio Solution File, Format Version 12.00
# Visual Studio 15
VisualStudioVersion = 15.0.27703.2042
MinimumVisualStudioVersion = 10.0.40219.1
Project("{FAE04EC0-301F-11D3-BF4B-00C04F79EFBC}") = "Ternary condition", "Ternary condition\Ternary condition.csproj", "{95DF6159-14AC-4950-B60B-7621FD11E862}"
EndProject
Global
	GlobalSection(SolutionConfigurationPlatforms) = preSolution
		Debug|Any CPU = Debug|Any CPU
		Release|Any CPU = Release|Any CPU
	EndGlobalSection
	GlobalSection(ProjectConfigurationPlatforms) = postSolution
		{95DF6159-14AC-4950-B60B-7621FD11E862}.Debug|Any CPU.ActiveCfg = Debug|Any CPU
		{95DF6159-14AC-4950-B60B-7621FD11E862}.Debug|Any CPU.Build.0 = Debug|Any CPU
		{95DF6159-14AC-4950-B60B-7621FD11E862}.Release|Any CPU.ActiveCfg = Release|Any CPU
		{95DF6159-14AC-4950-B60B-7621FD11E862}.Release|Any CPU.Build.0 = Release|Any CPU
	EndGlobalSection
	GlobalSection(SolutionProperties) = preSolution
		HideSolutionNode = FALSE
	EndGlobalSection
	GlobalSection(ExtensibilityGlobals) = postSolution
		SolutionGuid = {4C29D58A-F2C6-41C7-AABD-3E9AA984AA50}
	EndGlobalSection
EndGlobal
